<?xml version="1.0" encoding="utf-8"?>
<Project ToolsVersion="4.0" xmlns="http://schemas.microsoft.com/developer/msbuild/2003">
  <ItemGroup>
    <Filter Include="리소스 파일">
      <UniqueIdentifier>{67DA6AB6-F800-4c08-8B7A-83BB121AAD01}</UniqueIdentifier>
      <Extensions>rc;ico;cur;bmp;dlg;rc2;rct;bin;rgs;gif;jpg;jpeg;jpe;resx;tiff;tif;png;wav;mfcribbon-ms</Extensions>
    </Filter>
    <Filter Include="Rom">
      <UniqueIdentifier>{b8fd873a-2685-4c23-8637-b0a028459b5e}</UniqueIdentifier>
    </Filter>
    <Filter Include="Mapper">
      <UniqueIdentifier>{509825a6-25fe-471f-91d0-a10415b47978}</UniqueIdentifier>
    </Filter>
    <Filter Include="Mapper\MapperCNROM">
      <UniqueIdentifier>{31039697-9ea4-4216-a0a2-476b28fcee2c}</UniqueIdentifier>
    </Filter>
    <Filter Include="Mapper\MapperNROM">
      <UniqueIdentifier>{5dd7dc7d-4e2c-4f20-aca6-be6a982610bd}</UniqueIdentifier>
    </Filter>
    <Filter Include="Mapper\MapperSxROM">
      <UniqueIdentifier>{ecf05969-ddf9-4be8-adb7-82e89d9aaec6}</UniqueIdentifier>
    </Filter>
    <Filter Include="Mapper\MapperUxROM">
      <UniqueIdentifier>{90388144-f6f3-4cba-bdab-4ec4b1d8786e}</UniqueIdentifier>
    </Filter>
    <Filter Include="MainBus">
      <UniqueIdentifier>{59ce9364-ef28-4d39-bec2-b3e567b65920}</UniqueIdentifier>
    </Filter>
    <Filter Include="ColorTable">
      <UniqueIdentifier>{93995380-89BD-4b04-88EB-625FBE52EBFB}</UniqueIdentifier>
      <Extensions>h;hh;hpp;hxx;h++;hm;inl;inc;ipp;xsd</Extensions>
    </Filter>
    <Filter Include="CPU">
      <UniqueIdentifier>{7789d4d8-b00b-489b-a9db-b0abc5b775e8}</UniqueIdentifier>
    </Filter>
    <Filter Include="VScreen">
      <UniqueIdentifier>{685769a7-0f9b-4aee-a2e1-33e5841d3a54}</UniqueIdentifier>
    </Filter>
    <Filter Include="PictureBus">
      <UniqueIdentifier>{d90d6a20-15d8-47df-bfaf-2944b5115b51}</UniqueIdentifier>
    </Filter>
    <Filter Include="PPU">
      <UniqueIdentifier>{0f05f471-32a0-4c26-9b39-0794882ff40a}</UniqueIdentifier>
    </Filter>
    <Filter Include="Controller">
      <UniqueIdentifier>{d05547b5-c1e2-458d-87ef-c9b7a3b49e33}</UniqueIdentifier>
    </Filter>
    <Filter Include="Emulator">
      <UniqueIdentifier>{747c4b6c-6f8e-4133-9008-f98112e39356}</UniqueIdentifier>
    </Filter>
    <Filter Include="Main">
      <UniqueIdentifier>{4FC737F1-C7A5-4376-A066-2A32D752A2FF}</UniqueIdentifier>
      <Extensions>cpp;c;cc;cxx;c++;cppm;ixx;def;odl;idl;hpj;bat;asm;asmx</Extensions>
    </Filter>
  </ItemGroup>
  <ItemGroup>
    <ClCompile Include="main.cpp">
      <Filter>Main</Filter>
    </ClCompile>
    <ClCompile Include="Rom.cpp">
      <Filter>Rom</Filter>
    </ClCompile>
    <ClCompile Include="MapperCNROM.cpp">
      <Filter>Mapper\MapperCNROM</Filter>
    </ClCompile>
    <ClCompile Include="MapperNROM.cpp">
      <Filter>Mapper\MapperNROM</Filter>
    </ClCompile>
    <ClCompile Include="MapperSxROM.cpp">
      <Filter>Mapper\MapperSxROM</Filter>
    </ClCompile>
    <ClCompile Include="MapperUxROM.cpp">
      <Filter>Mapper\MapperUxROM</Filter>
    </ClCompile>
    <ClCompile Include="MainBus.cpp">
      <Filter>MainBus</Filter>
    </ClCompile>
    <ClCompile Include="VScreen.cpp">
      <Filter>VScreen</Filter>
    </ClCompile>
    <ClCompile Include="PictureBus.cpp">
      <Filter>PictureBus</Filter>
    </ClCompile>
    <ClCompile Include="PPU.cpp">
      <Filter>PPU</Filter>
    </ClCompile>
    <ClCompile Include="CPU.cpp">
      <Filter>CPU</Filter>
    </ClCompile>
    <ClCompile Include="Controller.cpp">
      <Filter>Controller</Filter>
    </ClCompile>
    <ClCompile Include="Emulator.cpp">
      <Filter>Emulator</Filter>
    </ClCompile>
    <ClCompile Include="ColorTable.cpp">
      <Filter>ColorTable</Filter>
    </ClCompile>
    <ClCompile Include="Mapper.cpp">
      <Filter>Mapper</Filter>
    </ClCompile>
  </ItemGroup>
  <ItemGroup>
    <ClInclude Include="Rom.h">
      <Filter>Rom</Filter>
    </ClInclude>
    <ClInclude Include="MapperInterface.h">
      <Filter>Mapper</Filter>
    </ClInclude>
    <ClInclude Include="MapperCNROM.h">
      <Filter>Mapper\MapperCNROM</Filter>
    </ClInclude>
    <ClInclude Include="MapperNROM.h">
      <Filter>Mapper\MapperNROM</Filter>
    </ClInclude>
    <ClInclude Include="MapperSxROM.h">
      <Filter>Mapper\MapperSxROM</Filter>
    </ClInclude>
    <ClInclude Include="MapperUxROM.h">
      <Filter>Mapper\MapperUxROM</Filter>
    </ClInclude>
    <ClInclude Include="MainBus.h">
      <Filter>MainBus</Filter>
    </ClInclude>
    <ClInclude Include="ColorTable.h">
      <Filter>ColorTable</Filter>
    </ClInclude>
    <ClInclude Include="Opcodes.h">
      <Filter>CPU</Filter>
    </ClInclude>
    <ClInclude Include="VScreen.h">
      <Filter>VScreen</Filter>
    </ClInclude>
    <ClInclude Include="PictureBus.h">
      <Filter>PictureBus</Filter>
    </ClInclude>
    <ClInclude Include="PPU.h">
      <Filter>PPU</Filter>
    </ClInclude>
    <ClInclude Include="CPU.h">
      <Filter>CPU</Filter>
    </ClInclude>
    <ClInclude Include="Controller.h">
      <Filter>Controller</Filter>
    </ClInclude>
    <ClInclude Include="Emulator.h">
      <Filter>Emulator</Filter>
    </ClInclude>
  </ItemGroup>
</Project>